PODS:
  - Alamofire (4.5.1)
  - Charts (3.0.4):
    - Charts/Core (= 3.0.4)
  - Charts/Core (3.0.4)
  - CSV.swift (2.1.0)

DEPENDENCIES:
  - Alamofire
  - Charts
  - CSV.swift (~> 2.1.0)

SPEC CHECKSUMS:
  Alamofire: 2d95912bf4c34f164fdfc335872e8c312acaea4a
  Charts: 0705898046257443f0afbbc3179f4b67507b6e48
  CSV.swift: a24fb11c17875523783fe963592762ff163ef8ea

PODFILE CHECKSUM: a1f918ec5680ea00082b7030bb334e2bb8ec244a

COCOAPODS: 1.4.0
